
Microsoft Visual Studio Solution File, Format Version 12.00
# Visual Studio Version 17
VisualStudioVersion = 17.3.32825.248
MinimumVisualStudioVersion = 10.0.40219.1
Project("{9A19103F-16F7-4668-BE54-9A1E7A4F7556}") = "CarvedRock.Api", "CarvedRock.Api\CarvedRock.Api.csproj", "{2AE76C79-655C-43A2-B27F-A9E68A23DC4E}"
EndProject
Project("{2150E333-8FDC-42A3-9474-1A3956D46DE8}") = "Solution Items", "Solution Items", "{421391C7-DC1C-4E35-B848-0088E409DA37}"
	ProjectSection(SolutionItems) = preProject
		README.md = README.md
	EndProjectSection
EndProject
Project("{9A19103F-16F7-4668-BE54-9A1E7A4F7556}") = "CarvedRock.InvoiceGenerator", "CarvedRock.InvoiceGenerator\CarvedRock.InvoiceGenerator.csproj", "{FDE74559-BD5D-4BDF-97FC-33967787E31A}"
EndProject
Project("{9A19103F-16F7-4668-BE54-9A1E7A4F7556}") = "CarvedRock.OrderProcessor", "CarvedRock.OrderProcessor\CarvedRock.OrderProcessor.csproj", "{6DA423D2-48DF-4862-B7EA-4EA2D39F41F7}"
EndProject
Project("{E53339B2-1760-4266-BCC7-CA923CBCF16C}") = "docker-compose", "docker-compose.dcproj", "{0364CA57-C116-401D-A1FC-AAB35B89572D}"
EndProject
Project("{9A19103F-16F7-4668-BE54-9A1E7A4F7556}") = "CarvedRock.App", "CarvedRock.App\CarvedRock.App.csproj", "{FD2FDAFF-3E7D-4338-A753-3DC6AC74FDF7}"
EndProject
Project("{2150E333-8FDC-42A3-9474-1A3956D46DE8}") = "sql", "sql", "{EFC1B294-9CF1-4433-AA0B-32567A83FA4C}"
	ProjectSection(SolutionItems) = preProject
		sql\entrypoint.sh = sql\entrypoint.sh
		sql\InitializeDatabase.sql = sql\InitializeDatabase.sql
		sql\setup.sh = sql\setup.sh
		sql\sql.Dockerfile = sql\sql.Dockerfile
		sql\wait-for-it.sh = sql\wait-for-it.sh
	EndProjectSection
EndProject
Global
	GlobalSection(SolutionConfigurationPlatforms) = preSolution
		Debug|Any CPU = Debug|Any CPU
		Release|Any CPU = Release|Any CPU
	EndGlobalSection
	GlobalSection(ProjectConfigurationPlatforms) = postSolution
		{2AE76C79-655C-43A2-B27F-A9E68A23DC4E}.Debug|Any CPU.ActiveCfg = Debug|Any CPU
		{2AE76C79-655C-43A2-B27F-A9E68A23DC4E}.Debug|Any CPU.Build.0 = Debug|Any CPU
		{2AE76C79-655C-43A2-B27F-A9E68A23DC4E}.Release|Any CPU.ActiveCfg = Release|Any CPU
		{2AE76C79-655C-43A2-B27F-A9E68A23DC4E}.Release|Any CPU.Build.0 = Release|Any CPU
		{FDE74559-BD5D-4BDF-97FC-33967787E31A}.Debug|Any CPU.ActiveCfg = Debug|Any CPU
		{FDE74559-BD5D-4BDF-97FC-33967787E31A}.Debug|Any CPU.Build.0 = Debug|Any CPU
		{FDE74559-BD5D-4BDF-97FC-33967787E31A}.Release|Any CPU.ActiveCfg = Release|Any CPU
		{FDE74559-BD5D-4BDF-97FC-33967787E31A}.Release|Any CPU.Build.0 = Release|Any CPU
		{6DA423D2-48DF-4862-B7EA-4EA2D39F41F7}.Debug|Any CPU.ActiveCfg = Debug|Any CPU
		{6DA423D2-48DF-4862-B7EA-4EA2D39F41F7}.Debug|Any CPU.Build.0 = Debug|Any CPU
		{6DA423D2-48DF-4862-B7EA-4EA2D39F41F7}.Release|Any CPU.ActiveCfg = Release|Any CPU
		{6DA423D2-48DF-4862-B7EA-4EA2D39F41F7}.Release|Any CPU.Build.0 = Release|Any CPU
		{0364CA57-C116-401D-A1FC-AAB35B89572D}.Debug|Any CPU.ActiveCfg = Debug|Any CPU
		{0364CA57-C116-401D-A1FC-AAB35B89572D}.Debug|Any CPU.Build.0 = Debug|Any CPU
		{0364CA57-C116-401D-A1FC-AAB35B89572D}.Release|Any CPU.ActiveCfg = Release|Any CPU
		{0364CA57-C116-401D-A1FC-AAB35B89572D}.Release|Any CPU.Build.0 = Release|Any CPU
		{FD2FDAFF-3E7D-4338-A753-3DC6AC74FDF7}.Debug|Any CPU.ActiveCfg = Debug|Any CPU
		{FD2FDAFF-3E7D-4338-A753-3DC6AC74FDF7}.Debug|Any CPU.Build.0 = Debug|Any CPU
		{FD2FDAFF-3E7D-4338-A753-3DC6AC74FDF7}.Release|Any CPU.ActiveCfg = Release|Any CPU
		{FD2FDAFF-3E7D-4338-A753-3DC6AC74FDF7}.Release|Any CPU.Build.0 = Release|Any CPU
	EndGlobalSection
	GlobalSection(SolutionProperties) = preSolution
		HideSolutionNode = FALSE
	EndGlobalSection
	GlobalSection(ExtensibilityGlobals) = postSolution
		SolutionGuid = {3B70D770-9FB9-4247-B3DD-FFBB277D2414}
	EndGlobalSection
EndGlobal
